
Microsoft Visual Studio Solution File, Format Version 12.00
# Visual Studio Version 16
VisualStudioVersion = 16.0.31129.286
MinimumVisualStudioVersion = 10.0.40219.1
Project("{FAE04EC0-301F-11D3-BF4B-00C04F79EFBC}") = "WpfApp6", "WpfApp6\WpfApp6.csproj", "{D3BE5714-E326-421B-853F-0978C9FA248D}"
EndProject
Global
	GlobalSection(SolutionConfigurationPlatforms) = preSolution
		Debug|Any CPU = Debug|Any CPU
		Release|Any CPU = Release|Any CPU
	EndGlobalSection
	GlobalSection(ProjectConfigurationPlatforms) = postSolution
		{D3BE5714-E326-421B-853F-0978C9FA248D}.Debug|Any CPU.ActiveCfg = Debug|Any CPU
		{D3BE5714-E326-421B-853F-0978C9FA248D}.Debug|Any CPU.Build.0 = Debug|Any CPU
		{D3BE5714-E326-421B-853F-0978C9FA248D}.Release|Any CPU.ActiveCfg = Release|Any CPU
		{D3BE5714-E326-421B-853F-0978C9FA248D}.Release|Any CPU.Build.0 = Release|Any CPU
	EndGlobalSection
	GlobalSection(SolutionProperties) = preSolution
		HideSolutionNode = FALSE
	EndGlobalSection
	GlobalSection(ExtensibilityGlobals) = postSolution
		SolutionGuid = {C8F6376C-99DA-4074-B31D-A5E0AEA541DC}
	EndGlobalSection
EndGlobal
